// !$*UTF8*$!
{
	archiveVersion = 1;
	classes = {
	};
	objectVersion = 50;
	objects = {

/* Begin PBXBuildFile section */
		5040E768265E979A00847988 /* AddCountryViewModel.swift in Sources */ = {isa = PBXBuildFile; fileRef = 5040E767265E979A00847988 /* AddCountryViewModel.swift */; };
		5040E76B265E994F00847988 /* NetworkManager.swift in Sources */ = {isa = PBXBuildFile; fileRef = 5040E76A265E994F00847988 /* NetworkManager.swift */; };
		5071FAD026591A3700F19955 /* SimpleCurrencyApp.swift in Sources */ = {isa = PBXBuildFile; fileRef = 5071FACF26591A3700F19955 /* SimpleCurrencyApp.swift */; };
		5071FAD226591A3700F19955 /* ContentView.swift in Sources */ = {isa = PBXBuildFile; fileRef = 5071FAD126591A3700F19955 /* ContentView.swift */; };
		5071FAD426591A3B00F19955 /* Assets.xcassets in Resources */ = {isa = PBXBuildFile; fileRef = 5071FAD326591A3B00F19955 /* Assets.xcassets */; };
		5071FAD726591A3B00F19955 /* Preview Assets.xcassets in Resources */ = {isa = PBXBuildFile; fileRef = 5071FAD626591A3B00F19955 /* Preview Assets.xcassets */; };
		5071FAE426591F7B00F19955 /* Currency.swift in Sources */ = {isa = PBXBuildFile; fileRef = 5071FAE326591F7B00F19955 /* Currency.swift */; };
		5071FAE7265920BB00F19955 /* Flag.swift in Sources */ = {isa = PBXBuildFile; fileRef = 5071FAE6265920BB00F19955 /* Flag.swift */; };
		5071FAEA265922D000F19955 /* Country.swift in Sources */ = {isa = PBXBuildFile; fileRef = 5071FAE9265922CF00F19955 /* Country.swift */; };
		5071FAED2659270E00F19955 /* CountryListViewModel.swift in Sources */ = {isa = PBXBuildFile; fileRef = 5071FAEC2659270E00F19955 /* CountryListViewModel.swift */; };
		50AB4E02265C82CB00CB8667 /* Constants.swift in Sources */ = {isa = PBXBuildFile; fileRef = 50AB4E01265C82CB00CB8667 /* Constants.swift */; };
		50F3237A265D208300CF7BEC /* Country+Extensions.swift in Sources */ = {isa = PBXBuildFile; fileRef = 50F32379265D208300CF7BEC /* Country+Extensions.swift */; };
/* End PBXBuildFile section */

/* Begin PBXFileReference section */
		5040E767265E979A00847988 /* AddCountryViewModel.swift */ = {isa = PBXFileReference; lastKnownFileType = sourcecode.swift; path = AddCountryViewModel.swift; sourceTree = "<group>"; };
		5040E76A265E994F00847988 /* NetworkManager.swift */ = {isa = PBXFileReference; lastKnownFileType = sourcecode.swift; path = NetworkManager.swift; sourceTree = "<group>"; };
		5071FACC26591A3700F19955 /* SimpleCurrency.app */ = {isa = PBXFileReference; explicitFileType = wrapper.application; includeInIndex = 0; path = SimpleCurrency.app; sourceTree = BUILT_PRODUCTS_DIR; };
		5071FACF26591A3700F19955 /* SimpleCurrencyApp.swift */ = {isa = PBXFileReference; lastKnownFileType = sourcecode.swift; path = SimpleCurrencyApp.swift; sourceTree = "<group>"; };
		5071FAD126591A3700F19955 /* ContentView.swift */ = {isa = PBXFileReference; lastKnownFileType = sourcecode.swift; path = ContentView.swift; sourceTree = "<group>"; };
		5071FAD326591A3B00F19955 /* Assets.xcassets */ = {isa = PBXFileReference; lastKnownFileType = folder.assetcatalog; path = Assets.xcassets; sourceTree = "<group>"; };
		5071FAD626591A3B00F19955 /* Preview Assets.xcassets */ = {isa = PBXFileReference; lastKnownFileType = folder.assetcatalog; path = "Preview Assets.xcassets"; sourceTree = "<group>"; };
		5071FAD826591A3B00F19955 /* Info.plist */ = {isa = PBXFileReference; lastKnownFileType = text.plist.xml; path = Info.plist; sourceTree = "<group>"; };
		5071FAE326591F7B00F19955 /* Currency.swift */ = {isa = PBXFileReference; lastKnownFileType = sourcecode.swift; path = Currency.swift; sourceTree = "<group>"; };
		5071FAE6265920BB00F19955 /* Flag.swift */ = {isa = PBXFileReference; lastKnownFileType = sourcecode.swift; path = Flag.swift; sourceTree = "<group>"; };
		5071FAE9265922CF00F19955 /* Country.swift */ = {isa = PBXFileReference; lastKnownFileType = sourcecode.swift; path = Country.swift; sourceTree = "<group>"; };
		5071FAEC2659270E00F19955 /* CountryListViewModel.swift */ = {isa = PBXFileReference; lastKnownFileType = sourcecode.swift; path = CountryListViewModel.swift; sourceTree = "<group>"; };
		50AB4E01265C82CB00CB8667 /* Constants.swift */ = {isa = PBXFileReference; lastKnownFileType = sourcecode.swift; path = Constants.swift; sourceTree = "<group>"; };
		50F32379265D208300CF7BEC /* Country+Extensions.swift */ = {isa = PBXFileReference; lastKnownFileType = sourcecode.swift; path = "Country+Extensions.swift"; sourceTree = "<group>"; };
/* End PBXFileReference section */

/* Begin PBXFrameworksBuildPhase section */
		5071FAC926591A3700F19955 /* Frameworks */ = {
			isa = PBXFrameworksBuildPhase;
			buildActionMask = 2147483647;
			files = (
			);
			runOnlyForDeploymentPostprocessing = 0;
		};
/* End PBXFrameworksBuildPhase section */

/* Begin PBXGroup section */
		5040E769265E98B900847988 /* Managers */ = {
			isa = PBXGroup;
			children = (
				5040E76A265E994F00847988 /* NetworkManager.swift */,
			);
			path = Managers;
			sourceTree = "<group>";
		};
		5071FAC326591A3700F19955 = {
			isa = PBXGroup;
			children = (
				5071FACE26591A3700F19955 /* SimpleCurrency */,
				5071FACD26591A3700F19955 /* Products */,
			);
			sourceTree = "<group>";
		};
		5071FACD26591A3700F19955 /* Products */ = {
			isa = PBXGroup;
			children = (
				5071FACC26591A3700F19955 /* SimpleCurrency.app */,
			);
			name = Products;
			sourceTree = "<group>";
		};
		5071FACE26591A3700F19955 /* SimpleCurrency */ = {
			isa = PBXGroup;
			children = (
				50AB4E00265C82BC00CB8667 /* Constants */,
				50AB4DFB265C7BA600CB8667 /* Extensions */,
				5071FADF26591A4D00F19955 /* Models */,
				5071FAE026591A5500F19955 /* ViewModels */,
				5071FAE126591A6700F19955 /* Views */,
				5040E769265E98B900847988 /* Managers */,
				5071FAD126591A3700F19955 /* ContentView.swift */,
				5071FACF26591A3700F19955 /* SimpleCurrencyApp.swift */,
				5071FAD326591A3B00F19955 /* Assets.xcassets */,
				5071FAD826591A3B00F19955 /* Info.plist */,
				5071FAD526591A3B00F19955 /* Preview Content */,
			);
			path = SimpleCurrency;
			sourceTree = "<group>";
		};
		5071FAD526591A3B00F19955 /* Preview Content */ = {
			isa = PBXGroup;
			children = (
				5071FAD626591A3B00F19955 /* Preview Assets.xcassets */,
			);
			path = "Preview Content";
			sourceTree = "<group>";
		};
		5071FADF26591A4D00F19955 /* Models */ = {
			isa = PBXGroup;
			children = (
				5071FAE326591F7B00F19955 /* Currency.swift */,
				5071FAE6265920BB00F19955 /* Flag.swift */,
				5071FAE9265922CF00F19955 /* Country.swift */,
			);
			path = Models;
			sourceTree = "<group>";
		};
		5071FAE026591A5500F19955 /* ViewModels */ = {
			isa = PBXGroup;
			children = (
				5071FAEC2659270E00F19955 /* CountryListViewModel.swift */,
				5040E767265E979A00847988 /* AddCountryViewModel.swift */,
			);
			path = ViewModels;
			sourceTree = "<group>";
		};
		5071FAE126591A6700F19955 /* Views */ = {
			isa = PBXGroup;
			children = (
			);
			path = Views;
			sourceTree = "<group>";
		};
		50AB4DFB265C7BA600CB8667 /* Extensions */ = {
			isa = PBXGroup;
			children = (
				50F32379265D208300CF7BEC /* Country+Extensions.swift */,
			);
			path = Extensions;
			sourceTree = "<group>";
		};
		50AB4E00265C82BC00CB8667 /* Constants */ = {
			isa = PBXGroup;
			children = (
				50AB4E01265C82CB00CB8667 /* Constants.swift */,
			);
			path = Constants;
			sourceTree = "<group>";
		};
/* End PBXGroup section */

/* Begin PBXNativeTarget section */
		5071FACB26591A3700F19955 /* SimpleCurrency */ = {
			isa = PBXNativeTarget;
			buildConfigurationList = 5071FADB26591A3B00F19955 /* Build configuration list for PBXNativeTarget "SimpleCurrency" */;
			buildPhases = (
				5071FAC826591A3700F19955 /* Sources */,
				5071FAC926591A3700F19955 /* Frameworks */,
				5071FACA26591A3700F19955 /* Resources */,
			);
			buildRules = (
			);
			dependencies = (
			);
			name = SimpleCurrency;
			productName = SimpleCurrency;
			productReference = 5071FACC26591A3700F19955 /* SimpleCurrency.app */;
			productType = "com.apple.product-type.application";
		};
/* End PBXNativeTarget section */

/* Begin PBXProject section */
		5071FAC426591A3700F19955 /* Project object */ = {
			isa = PBXProject;
			attributes = {
				LastSwiftUpdateCheck = 1240;
				LastUpgradeCheck = 1240;
				TargetAttributes = {
					5071FACB26591A3700F19955 = {
						CreatedOnToolsVersion = 12.4;
					};
				};
			};
			buildConfigurationList = 5071FAC726591A3700F19955 /* Build configuration list for PBXProject "SimpleCurrency" */;
			compatibilityVersion = "Xcode 9.3";
			developmentRegion = en;
			hasScannedForEncodings = 0;
			knownRegions = (
				en,
				Base,
			);
			mainGroup = 5071FAC326591A3700F19955;
			productRefGroup = 5071FACD26591A3700F19955 /* Products */;
			projectDirPath = "";
			projectRoot = "";
			targets = (
				5071FACB26591A3700F19955 /* SimpleCurrency */,
			);
		};
/* End PBXProject section */

/* Begin PBXResourcesBuildPhase section */
		5071FACA26591A3700F19955 /* Resources */ = {
			isa = PBXResourcesBuildPhase;
			buildActionMask = 2147483647;
			files = (
				5071FAD726591A3B00F19955 /* Preview Assets.xcassets in Resources */,
				5071FAD426591A3B00F19955 /* Assets.xcassets in Resources */,
			);
			runOnlyForDeploymentPostprocessing = 0;
		};
/* End PBXResourcesBuildPhase section */

/* Begin PBXSourcesBuildPhase section */
		5071FAC826591A3700F19955 /* Sources */ = {
			isa = PBXSourcesBuildPhase;
			buildActionMask = 2147483647;
			files = (
				5071FAE426591F7B00F19955 /* Currency.swift in Sources */,
				5071FAD226591A3700F19955 /* ContentView.swift in Sources */,
				5040E76B265E994F00847988 /* NetworkManager.swift in Sources */,
				50F3237A265D208300CF7BEC /* Country+Extensions.swift in Sources */,
				5071FAD026591A3700F19955 /* SimpleCurrencyApp.swift in Sources */,
				5071FAED2659270E00F19955 /* CountryListViewModel.swift in Sources */,
				5040E768265E979A00847988 /* AddCountryViewModel.swift in Sources */,
				50AB4E02265C82CB00CB8667 /* Constants.swift in Sources */,
				5071FAEA265922D000F19955 /* Country.swift in Sources */,
				5071FAE7265920BB00F19955 /* Flag.swift in Sources */,
			);
			runOnlyForDeploymentPostprocessing = 0;
		};
/* End PBXSourcesBuildPhase section */

/* Begin XCBuildConfiguration section */
		5071FAD926591A3B00F19955 /* Debug */ = {
			isa = XCBuildConfiguration;
			buildSettings = {
				ALWAYS_SEARCH_USER_PATHS = NO;
				CLANG_ANALYZER_NONNULL = YES;
				CLANG_ANALYZER_NUMBER_OBJECT_CONVERSION = YES_AGGRESSIVE;
				CLANG_CXX_LANGUAGE_STANDARD = "gnu++14";
				CLANG_CXX_LIBRARY = "libc++";
				CLANG_ENABLE_MODULES = YES;
				CLANG_ENABLE_OBJC_ARC = YES;
				CLANG_ENABLE_OBJC_WEAK = YES;
				CLANG_WARN_BLOCK_CAPTURE_AUTORELEASING = YES;
				CLANG_WARN_BOOL_CONVERSION = YES;
				CLANG_WARN_COMMA = YES;
				CLANG_WARN_CONSTANT_CONVERSION = YES;
				CLANG_WARN_DEPRECATED_OBJC_IMPLEMENTATIONS = YES;
				CLANG_WARN_DIRECT_OBJC_ISA_USAGE = YES_ERROR;
				CLANG_WARN_DOCUMENTATION_COMMENTS = YES;
				CLANG_WARN_EMPTY_BODY = YES;
				CLANG_WARN_ENUM_CONVERSION = YES;
				CLANG_WARN_INFINITE_RECURSION = YES;
				CLANG_WARN_INT_CONVERSION = YES;
				CLANG_WARN_NON_LITERAL_NULL_CONVERSION = YES;
				CLANG_WARN_OBJC_IMPLICIT_RETAIN_SELF = YES;
				CLANG_WARN_OBJC_LITERAL_CONVERSION = YES;
				CLANG_WARN_OBJC_ROOT_CLASS = YES_ERROR;
				CLANG_WARN_QUOTED_INCLUDE_IN_FRAMEWORK_HEADER = YES;
				CLANG_WARN_RANGE_LOOP_ANALYSIS = YES;
				CLANG_WARN_STRICT_PROTOTYPES = YES;
				CLANG_WARN_SUSPICIOUS_MOVE = YES;
				CLANG_WARN_UNGUARDED_AVAILABILITY = YES_AGGRESSIVE;
				CLANG_WARN_UNREACHABLE_CODE = YES;
				CLANG_WARN__DUPLICATE_METHOD_MATCH = YES;
				COPY_PHASE_STRIP = NO;
				DEBUG_INFORMATION_FORMAT = dwarf;
				ENABLE_STRICT_OBJC_MSGSEND = YES;
				ENABLE_TESTABILITY = YES;
				GCC_C_LANGUAGE_STANDARD = gnu11;
				GCC_DYNAMIC_NO_PIC = NO;
				GCC_NO_COMMON_BLOCKS = YES;
				GCC_OPTIMIZATION_LEVEL = 0;
				GCC_PREPROCESSOR_DEFINITIONS = (
					"DEBUG=1",
					"$(inherited)",
				);
				GCC_WARN_64_TO_32_BIT_CONVERSION = YES;
				GCC_WARN_ABOUT_RETURN_TYPE = YES_ERROR;
				GCC_WARN_UNDECLARED_SELECTOR = YES;
				GCC_WARN_UNINITIALIZED_AUTOS = YES_AGGRESSIVE;
				GCC_WARN_UNUSED_FUNCTION = YES;
				GCC_WARN_UNUSED_VARIABLE = YES;
				IPHONEOS_DEPLOYMENT_TARGET = 14.4;
				MTL_ENABLE_DEBUG_INFO = INCLUDE_SOURCE;
				MTL_FAST_MATH = YES;
				ONLY_ACTIVE_ARCH = YES;
				SDKROOT = iphoneos;
				SWIFT_ACTIVE_COMPILATION_CONDITIONS = DEBUG;
				SWIFT_OPTIMIZATION_LEVEL = "-Onone";
			};
			name = Debug;
		};
		5071FADA26591A3B00F19955 /* Release */ = {
			isa = XCBuildConfiguration;
			buildSettings = {
				ALWAYS_SEARCH_USER_PATHS = NO;
				CLANG_ANALYZER_NONNULL = YES;
				CLANG_ANALYZER_NUMBER_OBJECT_CONVERSION = YES_AGGRESSIVE;
				CLANG_CXX_LANGUAGE_STANDARD = "gnu++14";
				CLANG_CXX_LIBRARY = "libc++";
				CLANG_ENABLE_MODULES = YES;
				CLANG_ENABLE_OBJC_ARC = YES;
				CLANG_ENABLE_OBJC_WEAK = YES;
				CLANG_WARN_BLOCK_CAPTURE_AUTORELEASING = YES;
				CLANG_WARN_BOOL_CONVERSION = YES;
				CLANG_WARN_COMMA = YES;
				CLANG_WARN_CONSTANT_CONVERSION = YES;
				CLANG_WARN_DEPRECATED_OBJC_IMPLEMENTATIONS = YES;
				CLANG_WARN_DIRECT_OBJC_ISA_USAGE = YES_ERROR;
				CLANG_WARN_DOCUMENTATION_COMMENTS = YES;
				CLANG_WARN_EMPTY_BODY = YES;
				CLANG_WARN_ENUM_CONVERSION = YES;
				CLANG_WARN_INFINITE_RECURSION = YES;
				CLANG_WARN_INT_CONVERSION = YES;
				CLANG_WARN_NON_LITERAL_NULL_CONVERSION = YES;
				CLANG_WARN_OBJC_IMPLICIT_RETAIN_SELF = YES;
				CLANG_WARN_OBJC_LITERAL_CONVERSION = YES;
				CLANG_WARN_OBJC_ROOT_CLASS = YES_ERROR;
				CLANG_WARN_QUOTED_INCLUDE_IN_FRAMEWORK_HEADER = YES;
				CLANG_WARN_RANGE_LOOP_ANALYSIS = YES;
				CLANG_WARN_STRICT_PROTOTYPES = YES;
				CLANG_WARN_SUSPICIOUS_MOVE = YES;
				CLANG_WARN_UNGUARDED_AVAILABILITY = YES_AGGRESSIVE;
				CLANG_WARN_UNREACHABLE_CODE = YES;
				CLANG_WARN__DUPLICATE_METHOD_MATCH = YES;
				COPY_PHASE_STRIP = NO;
				DEBUG_INFORMATION_FORMAT = "dwarf-with-dsym";
				ENABLE_NS_ASSERTIONS = NO;
				ENABLE_STRICT_OBJC_MSGSEND = YES;
				GCC_C_LANGUAGE_STANDARD = gnu11;
				GCC_NO_COMMON_BLOCKS = YES;
				GCC_WARN_64_TO_32_BIT_CONVERSION = YES;
				GCC_WARN_ABOUT_RETURN_TYPE = YES_ERROR;
				GCC_WARN_UNDECLARED_SELECTOR = YES;
				GCC_WARN_UNINITIALIZED_AUTOS = YES_AGGRESSIVE;
				GCC_WARN_UNUSED_FUNCTION = YES;
				GCC_WARN_UNUSED_VARIABLE = YES;
				IPHONEOS_DEPLOYMENT_TARGET = 14.4;
				MTL_ENABLE_DEBUG_INFO = NO;
				MTL_FAST_MATH = YES;
				SDKROOT = iphoneos;
				SWIFT_COMPILATION_MODE = wholemodule;
				SWIFT_OPTIMIZATION_LEVEL = "-O";
				VALIDATE_PRODUCT = YES;
			};
			name = Release;
		};
		5071FADC26591A3B00F19955 /* Debug */ = {
			isa = XCBuildConfiguration;
			buildSettings = {
				ASSETCATALOG_COMPILER_APPICON_NAME = AppIcon;
				ASSETCATALOG_COMPILER_GLOBAL_ACCENT_COLOR_NAME = AccentColor;
				CODE_SIGN_STYLE = Automatic;
				DEVELOPMENT_ASSET_PATHS = "\"SimpleCurrency/Preview Content\"";
				DEVELOPMENT_TEAM = TK5Y26D53T;
				ENABLE_PREVIEWS = YES;
				INFOPLIST_FILE = SimpleCurrency/Info.plist;
				IPHONEOS_DEPLOYMENT_TARGET = 14.0;
				LD_RUNPATH_SEARCH_PATHS = (
					"$(inherited)",
					"@executable_path/Frameworks",
				);
				PRODUCT_BUNDLE_IDENTIFIER = EvertonCarneiro.SimpleCurrency;
				PRODUCT_NAME = "$(TARGET_NAME)";
				SWIFT_VERSION = 5.0;
				TARGETED_DEVICE_FAMILY = "1,2";
			};
			name = Debug;
		};
		5071FADD26591A3B00F19955 /* Release */ = {
			isa = XCBuildConfiguration;
			buildSettings = {
				ASSETCATALOG_COMPILER_APPICON_NAME = AppIcon;
				ASSETCATALOG_COMPILER_GLOBAL_ACCENT_COLOR_NAME = AccentColor;
				CODE_SIGN_STYLE = Automatic;
				DEVELOPMENT_ASSET_PATHS = "\"SimpleCurrency/Preview Content\"";
				DEVELOPMENT_TEAM = TK5Y26D53T;
				ENABLE_PREVIEWS = YES;
				INFOPLIST_FILE = SimpleCurrency/Info.plist;
				IPHONEOS_DEPLOYMENT_TARGET = 14.0;
				LD_RUNPATH_SEARCH_PATHS = (
					"$(inherited)",
					"@executable_path/Frameworks",
				);
				PRODUCT_BUNDLE_IDENTIFIER = EvertonCarneiro.SimpleCurrency;
				PRODUCT_NAME = "$(TARGET_NAME)";
				SWIFT_VERSION = 5.0;
				TARGETED_DEVICE_FAMILY = "1,2";
			};
			name = Release;
		};
/* End XCBuildConfiguration section */

/* Begin XCConfigurationList section */
		5071FAC726591A3700F19955 /* Build configuration list for PBXProject "SimpleCurrency" */ = {
			isa = XCConfigurationList;
			buildConfigurations = (
				5071FAD926591A3B00F19955 /* Debug */,
				5071FADA26591A3B00F19955 /* Release */,
			);
			defaultConfigurationIsVisible = 0;
			defaultConfigurationName = Release;
		};
		5071FADB26591A3B00F19955 /* Build configuration list for PBXNativeTarget "SimpleCurrency" */ = {
			isa = XCConfigurationList;
			buildConfigurations = (
				5071FADC26591A3B00F19955 /* Debug */,
				5071FADD26591A3B00F19955 /* Release */,
			);
			defaultConfigurationIsVisible = 0;
			defaultConfigurationName = Release;
		};
/* End XCConfigurationList section */
	};
	rootObject = 5071FAC426591A3700F19955 /* Project object */;
}
